
Microsoft Visual Studio Solution File, Format Version 12.00
# Visual Studio Version 16
VisualStudioVersion = 16.0.30330.147
MinimumVisualStudioVersion = 10.0.40219.1
Project("{FAE04EC0-301F-11D3-BF4B-00C04F79EFBC}") = "WindowsFormsApp1", "WindowsFormsApp1\WindowsFormsApp1.csproj", "{2DA2F267-E9A7-42B7-805C-4C549AE41D2F}"
EndProject
Global
	GlobalSection(SolutionConfigurationPlatforms) = preSolution
		Debug|Any CPU = Debug|Any CPU
		Release|Any CPU = Release|Any CPU
	EndGlobalSection
	GlobalSection(ProjectConfigurationPlatforms) = postSolution
		{2DA2F267-E9A7-42B7-805C-4C549AE41D2F}.Debug|Any CPU.ActiveCfg = Debug|Any CPU
		{2DA2F267-E9A7-42B7-805C-4C549AE41D2F}.Debug|Any CPU.Build.0 = Debug|Any CPU
		{2DA2F267-E9A7-42B7-805C-4C549AE41D2F}.Release|Any CPU.ActiveCfg = Release|Any CPU
		{2DA2F267-E9A7-42B7-805C-4C549AE41D2F}.Release|Any CPU.Build.0 = Release|Any CPU
	EndGlobalSection
	GlobalSection(SolutionProperties) = preSolution
		HideSolutionNode = FALSE
	EndGlobalSection
	GlobalSection(ExtensibilityGlobals) = postSolution
		SolutionGuid = {827F14EA-0C72-4B6C-BD01-20DE5C55EA2C}
	EndGlobalSection
EndGlobal
